
Microsoft Visual Studio Solution File, Format Version 12.00
# Visual Studio Version 17
VisualStudioVersion = 17.14.36127.28 d17.14
MinimumVisualStudioVersion = 10.0.40219.1
Project("{54A90642-561A-4BB1-A94E-469ADEE60C69}") = "dvdrental.client", "dvdrental.client\dvdrental.client.esproj", "{2138D5D3-6330-11B3-1612-2CB581081259}"
EndProject
Project("{FAE04EC0-301F-11D3-BF4B-00C04F79EFBC}") = "DvdRental.Server", "DvdRental.Server\DvdRental.Server.csproj", "{D465F349-062D-4206-8FD0-3C752451320C}"
EndProject
Global
	GlobalSection(SolutionConfigurationPlatforms) = preSolution
		Debug|Any CPU = Debug|Any CPU
		Release|Any CPU = Release|Any CPU
	EndGlobalSection
	GlobalSection(ProjectConfigurationPlatforms) = postSolution
		{2138D5D3-6330-11B3-1612-2CB581081259}.Debug|Any CPU.ActiveCfg = Debug|Any CPU
		{2138D5D3-6330-11B3-1612-2CB581081259}.Debug|Any CPU.Build.0 = Debug|Any CPU
		{2138D5D3-6330-11B3-1612-2CB581081259}.Debug|Any CPU.Deploy.0 = Debug|Any CPU
		{2138D5D3-6330-11B3-1612-2CB581081259}.Release|Any CPU.ActiveCfg = Release|Any CPU
		{2138D5D3-6330-11B3-1612-2CB581081259}.Release|Any CPU.Build.0 = Release|Any CPU
		{2138D5D3-6330-11B3-1612-2CB581081259}.Release|Any CPU.Deploy.0 = Release|Any CPU
		{D465F349-062D-4206-8FD0-3C752451320C}.Debug|Any CPU.ActiveCfg = Debug|Any CPU
		{D465F349-062D-4206-8FD0-3C752451320C}.Debug|Any CPU.Build.0 = Debug|Any CPU
		{D465F349-062D-4206-8FD0-3C752451320C}.Release|Any CPU.ActiveCfg = Release|Any CPU
		{D465F349-062D-4206-8FD0-3C752451320C}.Release|Any CPU.Build.0 = Release|Any CPU
	EndGlobalSection
	GlobalSection(SolutionProperties) = preSolution
		HideSolutionNode = FALSE
	EndGlobalSection
	GlobalSection(ExtensibilityGlobals) = postSolution
		SolutionGuid = {2B344C95-4D84-4A7E-96A5-9180165F44FE}
	EndGlobalSection
EndGlobal
